Microsoft Visual Studio Solution File, Format Version 12.00
# Visual Studio Version 17
VisualStudioVersion = 17.0.31903.59
MinimumVisualStudioVersion = 10.0.40219.1
Project("{9A19103F-16F7-4668-BE54-9A1E7A4F7556}") = "Icod.CommandFramework", "Icod.CommandFramework.csproj", "{2FBA1C1E-341D-4BA7-A806-B39194836E80}"
EndProject
Project("{2150E333-8FDC-42A3-9474-1A3956D46DE8}") = "tests", "tests", "{8EE1445B-C68E-42B6-9D79-9EDDC9DCCFB7}"
EndProject
Project("{9A19103F-16F7-4668-BE54-9A1E7A4F7556}") = "Icod.CommandFramework.Tests", "tests\CommandFramework.Tests\Icod.CommandFramework.Tests.csproj", "{9D822D38-B3D3-4010-BB74-5228DCD3E8FA}"
EndProject
Project("{9A19103F-16F7-4668-BE54-9A1E7A4F7556}") = "Icod.CommandFramework.ProcessTestHost", "tests\ProcessTestHost\Icod.CommandFramework.ProcessTestHost.csproj", "{7E4D1C94-94F5-46CF-9EA7-0BB80290294E}"
EndProject
Global
	GlobalSection(SolutionConfigurationPlatforms) = preSolution
		Debug|Any CPU = Debug|Any CPU
		Release|Any CPU = Release|Any CPU
		Staging|Any CPU = Staging|Any CPU
	EndGlobalSection
	GlobalSection(ProjectConfigurationPlatforms) = postSolution
		{2FBA1C1E-341D-4BA7-A806-B39194836E80}.Debug|Any CPU.ActiveCfg = Debug|Any CPU
		{2FBA1C1E-341D-4BA7-A806-B39194836E80}.Debug|Any CPU.Build.0 = Debug|Any CPU
		{2FBA1C1E-341D-4BA7-A806-B39194836E80}.Release|Any CPU.ActiveCfg = Release|Any CPU
		{2FBA1C1E-341D-4BA7-A806-B39194836E80}.Release|Any CPU.Build.0 = Release|Any CPU
		{2FBA1C1E-341D-4BA7-A806-B39194836E80}.Staging|Any CPU.ActiveCfg = Staging|Any CPU
		{2FBA1C1E-341D-4BA7-A806-B39194836E80}.Staging|Any CPU.Build.0 = Staging|Any CPU
		{9D822D38-B3D3-4010-BB74-5228DCD3E8FA}.Debug|Any CPU.ActiveCfg = Debug|Any CPU
		{9D822D38-B3D3-4010-BB74-5228DCD3E8FA}.Debug|Any CPU.Build.0 = Debug|Any CPU
		{9D822D38-B3D3-4010-BB74-5228DCD3E8FA}.Release|Any CPU.ActiveCfg = Release|Any CPU
		{9D822D38-B3D3-4010-BB74-5228DCD3E8FA}.Release|Any CPU.Build.0 = Release|Any CPU
		{9D822D38-B3D3-4010-BB74-5228DCD3E8FA}.Staging|Any CPU.ActiveCfg = Staging|Any CPU
		{9D822D38-B3D3-4010-BB74-5228DCD3E8FA}.Staging|Any CPU.Build.0 = Staging|Any CPU
		{7E4D1C94-94F5-46CF-9EA7-0BB80290294E}.Debug|Any CPU.ActiveCfg = Debug|Any CPU
		{7E4D1C94-94F5-46CF-9EA7-0BB80290294E}.Debug|Any CPU.Build.0 = Debug|Any CPU
		{7E4D1C94-94F5-46CF-9EA7-0BB80290294E}.Release|Any CPU.ActiveCfg = Release|Any CPU
		{7E4D1C94-94F5-46CF-9EA7-0BB80290294E}.Release|Any CPU.Build.0 = Release|Any CPU
		{7E4D1C94-94F5-46CF-9EA7-0BB80290294E}.Staging|Any CPU.ActiveCfg = Staging|Any CPU
		{7E4D1C94-94F5-46CF-9EA7-0BB80290294E}.Staging|Any CPU.Build.0 = Staging|Any CPU
	EndGlobalSection
	GlobalSection(SolutionProperties) = preSolution
		HideSolutionNode = FALSE
	EndGlobalSection
	GlobalSection(NestedProjects) = preSolution
		{9D822D38-B3D3-4010-BB74-5228DCD3E8FA} = {8EE1445B-C68E-42B6-9D79-9EDDC9DCCFB7}
		{7E4D1C94-94F5-46CF-9EA7-0BB80290294E} = {8EE1445B-C68E-42B6-9D79-9EDDC9DCCFB7}
	EndGlobalSection
EndGlobal
